# @generated - this file is auto-generated by `mise lock` https://mise.en.dev/dev-tools/mise-lock.html

[[tools.act]]
version = "0.2.89"
backend = "aqua:nektos/act"

[tools.act."platforms.linux-arm64"]
checksum = "sha256:daa8679ba9615a74d2d0cec321dc593f21948a2a11bb65862b063d8b930f4bcb"
url = "https://github.com/nektos/act/releases/download/v0.2.89/act_Linux_arm64.tar.gz"
url_api = "https://api.github.com/repos/nektos/act/releases/assets/434891274"

[tools.act."platforms.linux-arm64-musl"]
checksum = "sha256:daa8679ba9615a74d2d0cec321dc593f21948a2a11bb65862b063d8b930f4bcb"
url = "https://github.com/nektos/act/releases/download/v0.2.89/act_Linux_arm64.tar.gz"
url_api = "https://api.github.com/repos/nektos/act/releases/assets/434891274"

[tools.act."platforms.linux-x64"]
checksum = "sha256:0191d6f1f3b716b5c55820032605d05fc3c1cdbf581ebeff655019e5dd1524c0"
url = "https://github.com/nektos/act/releases/download/v0.2.89/act_Linux_x86_64.tar.gz"
url_api = "https://api.github.com/repos/nektos/act/releases/assets/434891246"

[tools.act."platforms.linux-x64-baseline"]
checksum = "sha256:0191d6f1f3b716b5c55820032605d05fc3c1cdbf581ebeff655019e5dd1524c0"
url = "https://github.com/nektos/act/releases/download/v0.2.89/act_Linux_x86_64.tar.gz"
url_api = "https://api.github.com/repos/nektos/act/releases/assets/434891246"

[tools.act."platforms.linux-x64-musl"]
checksum = "sha256:0191d6f1f3b716b5c55820032605d05fc3c1cdbf581ebeff655019e5dd1524c0"
url = "https://github.com/nektos/act/releases/download/v0.2.89/act_Linux_x86_64.tar.gz"
url_api = "https://api.github.com/repos/nektos/act/releases/assets/434891246"

[tools.act."platforms.linux-x64-musl-baseline"]
checksum = "sha256:0191d6f1f3b716b5c55820032605d05fc3c1cdbf581ebeff655019e5dd1524c0"
url = "https://github.com/nektos/act/releases/download/v0.2.89/act_Linux_x86_64.tar.gz"
url_api = "https://api.github.com/repos/nektos/act/releases/assets/434891246"

[tools.act."platforms.macos-arm64"]
checksum = "sha256:48ae218af96725f7635a66de2b87e1e346893b02add0f16b92f560296b2151fc"
url = "https://github.com/nektos/act/releases/download/v0.2.89/act_Darwin_arm64.tar.gz"
url_api = "https://api.github.com/repos/nektos/act/releases/assets/434891257"

[tools.act."platforms.macos-x64"]
checksum = "sha256:41b31488e7c254baec31cce12c7dade3e35973b8a31b9486206ad43f233d814e"
url = "https://github.com/nektos/act/releases/download/v0.2.89/act_Darwin_x86_64.tar.gz"
url_api = "https://api.github.com/repos/nektos/act/releases/assets/434891248"

[tools.act."platforms.macos-x64-baseline"]
checksum = "sha256:41b31488e7c254baec31cce12c7dade3e35973b8a31b9486206ad43f233d814e"
url = "https://github.com/nektos/act/releases/download/v0.2.89/act_Darwin_x86_64.tar.gz"
url_api = "https://api.github.com/repos/nektos/act/releases/assets/434891248"

[tools.act."platforms.windows-x64"]
checksum = "sha256:0f8cf866ad7e32421a219fc551a0a0ea5d12ead464de12ebfeafd334a5973b50"
url = "https://github.com/nektos/act/releases/download/v0.2.89/act_Windows_x86_64.zip"
url_api = "https://api.github.com/repos/nektos/act/releases/assets/434891261"

[tools.act."platforms.windows-x64-baseline"]
checksum = "sha256:0f8cf866ad7e32421a219fc551a0a0ea5d12ead464de12ebfeafd334a5973b50"
url = "https://github.com/nektos/act/releases/download/v0.2.89/act_Windows_x86_64.zip"
url_api = "https://api.github.com/repos/nektos/act/releases/assets/434891261"

[[tools.age]]
version = "1.3.1"
backend = "aqua:FiloSottile/age"

[tools.age."platforms.linux-arm64"]
checksum = "sha256:c6878a324421b69e3e20b00ba17c04bc5c6dab0030cfe55bf8f68fa8d9e9093a"
url = "https://github.com/FiloSottile/age/releases/download/v1.3.1/age-v1.3.1-linux-arm64.tar.gz"
url_api = "https://api.github.com/repos/FiloSottile/age/releases/assets/333752668"
provenance = "github-attestations"

[tools.age."platforms.linux-arm64-musl"]
checksum = "sha256:c6878a324421b69e3e20b00ba17c04bc5c6dab0030cfe55bf8f68fa8d9e9093a"
url = "https://github.com/FiloSottile/age/releases/download/v1.3.1/age-v1.3.1-linux-arm64.tar.gz"
url_api = "https://api.github.com/repos/FiloSottile/age/releases/assets/333752668"
provenance = "github-attestations"

[tools.age."platforms.linux-x64"]
checksum = "sha256:bdc69c09cbdd6cf8b1f333d372a1f58247b3a33146406333e30c0f26e8f51377"
url = "https://github.com/FiloSottile/age/releases/download/v1.3.1/age-v1.3.1-linux-amd64.tar.gz"
url_api = "https://api.github.com/repos/FiloSottile/age/releases/assets/333752671"
provenance = "github-attestations"

[tools.age."platforms.linux-x64-baseline"]
checksum = "sha256:bdc69c09cbdd6cf8b1f333d372a1f58247b3a33146406333e30c0f26e8f51377"
url = "https://github.com/FiloSottile/age/releases/download/v1.3.1/age-v1.3.1-linux-amd64.tar.gz"
url_api = "https://api.github.com/repos/FiloSottile/age/releases/assets/333752671"
provenance = "github-attestations"

[tools.age."platforms.linux-x64-musl"]
checksum = "sha256:bdc69c09cbdd6cf8b1f333d372a1f58247b3a33146406333e30c0f26e8f51377"
url = "https://github.com/FiloSottile/age/releases/download/v1.3.1/age-v1.3.1-linux-amd64.tar.gz"
url_api = "https://api.github.com/repos/FiloSottile/age/releases/assets/333752671"
provenance = "github-attestations"

[tools.age."platforms.linux-x64-musl-baseline"]
checksum = "sha256:bdc69c09cbdd6cf8b1f333d372a1f58247b3a33146406333e30c0f26e8f51377"
url = "https://github.com/FiloSottile/age/releases/download/v1.3.1/age-v1.3.1-linux-amd64.tar.gz"
url_api = "https://api.github.com/repos/FiloSottile/age/releases/assets/333752671"
provenance = "github-attestations"

[tools.age."platforms.macos-arm64"]
checksum = "sha256:01120ea2cbf0463d4c6bd767f99f3271bbed1cdc8a9aa718a76ba1fe4f01998b"
url = "https://github.com/FiloSottile/age/releases/download/v1.3.1/age-v1.3.1-darwin-arm64.tar.gz"
url_api = "https://api.github.com/repos/FiloSottile/age/releases/assets/333752669"
provenance = "github-attestations"

[tools.age."platforms.macos-x64"]
checksum = "sha256:2b233301ad21ab7b1eabd9ae1198a164005fa4928fcdd745d47c39f8593209d7"
url = "https://github.com/FiloSottile/age/releases/download/v1.3.1/age-v1.3.1-darwin-amd64.tar.gz"
url_api = "https://api.github.com/repos/FiloSottile/age/releases/assets/343881260"
provenance = "github-attestations"

[tools.age."platforms.macos-x64-baseline"]
checksum = "sha256:2b233301ad21ab7b1eabd9ae1198a164005fa4928fcdd745d47c39f8593209d7"
url = "https://github.com/FiloSottile/age/releases/download/v1.3.1/age-v1.3.1-darwin-amd64.tar.gz"
url_api = "https://api.github.com/repos/FiloSottile/age/releases/assets/343881260"
provenance = "github-attestations"

[tools.age."platforms.windows-x64"]
checksum = "sha256:c56e8ce22f7e80cb85ad946cc82d198767b056366201d3e1a2b93d865be38154"
url = "https://github.com/FiloSottile/age/releases/download/v1.3.1/age-v1.3.1-windows-amd64.zip"
url_api = "https://api.github.com/repos/FiloSottile/age/releases/assets/333752673"
provenance = "github-attestations"

[tools.age."platforms.windows-x64-baseline"]
checksum = "sha256:c56e8ce22f7e80cb85ad946cc82d198767b056366201d3e1a2b93d865be38154"
url = "https://github.com/FiloSottile/age/releases/download/v1.3.1/age-v1.3.1-windows-amd64.zip"
url_api = "https://api.github.com/repos/FiloSottile/age/releases/assets/333752673"
provenance = "github-attestations"

[[tools.bun]]
version = "1.3.14"
backend = "core:bun"

[tools.bun."platforms.linux-arm64"]
checksum = "sha256:a27ffb63a8310375836e0d6f668ae17fa8d8d18b88c37c821c65331973a19a3b"
url = "https://github.com/oven-sh/bun/releases/download/bun-v1.3.14/bun-linux-aarch64.zip"

[tools.bun."platforms.linux-arm64-musl"]
checksum = "sha256:b98e0ad3625c5c00d1d5b5ff55605c7adddbfae151861e68ade57b2d3b8703bb"
url = "https://github.com/oven-sh/bun/releases/download/bun-v1.3.14/bun-linux-aarch64-musl.zip"

[tools.bun."platforms.linux-x64"]
checksum = "sha256:951ee2aee855f08595aeec6225226a298d3fea83a3dcd6465c09cbccdf7e848f"
url = "https://github.com/oven-sh/bun/releases/download/bun-v1.3.14/bun-linux-x64.zip"

[tools.bun."platforms.linux-x64-baseline"]
checksum = "sha256:a063908ae08b7852ca10939bbdc6ceed3ddabce8fb9402dce83d65d73b36e6c7"
url = "https://github.com/oven-sh/bun/releases/download/bun-v1.3.14/bun-linux-x64-baseline.zip"

[tools.bun."platforms.linux-x64-musl"]
checksum = "sha256:14bd9aedeebf1dba67e8def9531c89bc989ecfdf1de42e5bfcaf1b8cd9294719"
url = "https://github.com/oven-sh/bun/releases/download/bun-v1.3.14/bun-linux-x64-musl.zip"

[tools.bun."platforms.linux-x64-musl-baseline"]
checksum = "sha256:56a7d6806cf155536c0178f0ea5fbd098e684fa509ebdb4fc0a7e19fb65382dc"
url = "https://github.com/oven-sh/bun/releases/download/bun-v1.3.14/bun-linux-x64-musl-baseline.zip"

[tools.bun."platforms.macos-arm64"]
checksum = "sha256:d8b96221828ad6f97ac7ac0ab7e95872341af763001e8803e8267652c2652620"
url = "https://github.com/oven-sh/bun/releases/download/bun-v1.3.14/bun-darwin-aarch64.zip"

[tools.bun."platforms.macos-x64"]
checksum = "sha256:4183df3374623e5bab315c547cfa0974533cd457d86b73b639f7a87974cd6633"
url = "https://github.com/oven-sh/bun/releases/download/bun-v1.3.14/bun-darwin-x64.zip"

[tools.bun."platforms.macos-x64-baseline"]
checksum = "sha256:3e35ad6f53971a9834bf9e6786e2adf72b5f1921cc9a9c5fde073d2972944076"
url = "https://github.com/oven-sh/bun/releases/download/bun-v1.3.14/bun-darwin-x64-baseline.zip"

[tools.bun."platforms.windows-x64"]
checksum = "sha256:0a0620930b6675d7ba440e81f4e0e00d3cfbe096c4b140d3fff02205e9e18922"
url = "https://github.com/oven-sh/bun/releases/download/bun-v1.3.14/bun-windows-x64.zip"

[tools.bun."platforms.windows-x64-baseline"]
checksum = "sha256:538f9c846355d9e847b2671bc00c47da4229a0befb24df3282b739770f3b475f"
url = "https://github.com/oven-sh/bun/releases/download/bun-v1.3.14/bun-windows-x64-baseline.zip"

[[tools.cosign]]
version = "3.1.1"
backend = "aqua:sigstore/cosign"

[tools.cosign."platforms.linux-arm64"]
checksum = "sha256:2ec865872e331c32fd12b08dae15332d3f92c0aa029219589684a4903ca85d11"
url = "https://github.com/sigstore/cosign/releases/download/v3.1.1/cosign-linux-arm64"
url_api = "https://api.github.com/repos/sigstore/cosign/releases/assets/442898897"
provenance = "cosign"

[tools.cosign."platforms.linux-arm64-musl"]
checksum = "sha256:2ec865872e331c32fd12b08dae15332d3f92c0aa029219589684a4903ca85d11"
url = "https://github.com/sigstore/cosign/releases/download/v3.1.1/cosign-linux-arm64"
url_api = "https://api.github.com/repos/sigstore/cosign/releases/assets/442898897"
provenance = "cosign"

[tools.cosign."platforms.linux-x64"]
checksum = "sha256:ae1ecd212663f3693ad9edf8b1a183900c9a52d3155ba6e354237f9a0f6463fc"
url = "https://github.com/sigstore/cosign/releases/download/v3.1.1/cosign-linux-amd64"
url_api = "https://api.github.com/repos/sigstore/cosign/releases/assets/442898812"
provenance = "cosign"

[tools.cosign."platforms.linux-x64-baseline"]
checksum = "sha256:ae1ecd212663f3693ad9edf8b1a183900c9a52d3155ba6e354237f9a0f6463fc"
url = "https://github.com/sigstore/cosign/releases/download/v3.1.1/cosign-linux-amd64"
url_api = "https://api.github.com/repos/sigstore/cosign/releases/assets/442898812"
provenance = "cosign"

[tools.cosign."platforms.linux-x64-musl"]
checksum = "sha256:ae1ecd212663f3693ad9edf8b1a183900c9a52d3155ba6e354237f9a0f6463fc"
url = "https://github.com/sigstore/cosign/releases/download/v3.1.1/cosign-linux-amd64"
url_api = "https://api.github.com/repos/sigstore/cosign/releases/assets/442898812"
provenance = "cosign"

[tools.cosign."platforms.linux-x64-musl-baseline"]
checksum = "sha256:ae1ecd212663f3693ad9edf8b1a183900c9a52d3155ba6e354237f9a0f6463fc"
url = "https://github.com/sigstore/cosign/releases/download/v3.1.1/cosign-linux-amd64"
url_api = "https://api.github.com/repos/sigstore/cosign/releases/assets/442898812"
provenance = "cosign"

[tools.cosign."platforms.macos-arm64"]
checksum = "sha256:94b42a9e697be95675f6160ab031a9a5f1ec1e646d6f648d7b2f5cd59ececbc5"
url = "https://github.com/sigstore/cosign/releases/download/v3.1.1/cosign-darwin-arm64"
url_api = "https://api.github.com/repos/sigstore/cosign/releases/assets/442899033"
provenance = "cosign"

[tools.cosign."platforms.macos-x64"]
checksum = "sha256:14d2678dfbfde18798151e86fbd91ebdadbb7424b18412a42a155dd8a2df4c7a"
url = "https://github.com/sigstore/cosign/releases/download/v3.1.1/cosign-darwin-amd64"
url_api = "https://api.github.com/repos/sigstore/cosign/releases/assets/442899292"
provenance = "cosign"

[tools.cosign."platforms.macos-x64-baseline"]
checksum = "sha256:14d2678dfbfde18798151e86fbd91ebdadbb7424b18412a42a155dd8a2df4c7a"
url = "https://github.com/sigstore/cosign/releases/download/v3.1.1/cosign-darwin-amd64"
url_api = "https://api.github.com/repos/sigstore/cosign/releases/assets/442899292"
provenance = "cosign"

[tools.cosign."platforms.windows-x64"]
checksum = "sha256:9d2c026e667bfd979fa7ba1cab8c4b24d2e73f336ec2d57f7fc72c7e73e5b4b6"
url = "https://github.com/sigstore/cosign/releases/download/v3.1.1/cosign-windows-amd64.exe"
url_api = "https://api.github.com/repos/sigstore/cosign/releases/assets/442899047"
provenance = "cosign"

[tools.cosign."platforms.windows-x64-baseline"]
checksum = "sha256:9d2c026e667bfd979fa7ba1cab8c4b24d2e73f336ec2d57f7fc72c7e73e5b4b6"
url = "https://github.com/sigstore/cosign/releases/download/v3.1.1/cosign-windows-amd64.exe"
url_api = "https://api.github.com/repos/sigstore/cosign/releases/assets/442899047"
provenance = "cosign"

[[tools.gh]]
version = "2.96.0"
backend = "aqua:cli/cli"

[tools.gh."platforms.linux-arm64"]
checksum = "sha256:06f86ec7103d41993b76cd78072f43595c34aaa56506d971d9860e67140bf909"
url = "https://github.com/cli/cli/releases/download/v2.96.0/gh_2.96.0_linux_arm64.tar.gz"
url_api = "https://api.github.com/repos/cli/cli/releases/assets/464728549"
provenance = "github-attestations"

[tools.gh."platforms.linux-arm64-musl"]
checksum = "sha256:06f86ec7103d41993b76cd78072f43595c34aaa56506d971d9860e67140bf909"
url = "https://github.com/cli/cli/releases/download/v2.96.0/gh_2.96.0_linux_arm64.tar.gz"
url_api = "https://api.github.com/repos/cli/cli/releases/assets/464728549"
provenance = "github-attestations"

[tools.gh."platforms.linux-x64"]
checksum = "sha256:83d5c2ccad5498f58bf6368acb1ab32588cf43ab3a4b1c301bf36328b1c8bd60"
url = "https://github.com/cli/cli/releases/download/v2.96.0/gh_2.96.0_linux_amd64.tar.gz"
url_api = "https://api.github.com/repos/cli/cli/releases/assets/464728543"
provenance = "github-attestations"

[tools.gh."platforms.linux-x64-baseline"]
checksum = "sha256:83d5c2ccad5498f58bf6368acb1ab32588cf43ab3a4b1c301bf36328b1c8bd60"
url = "https://github.com/cli/cli/releases/download/v2.96.0/gh_2.96.0_linux_amd64.tar.gz"
url_api = "https://api.github.com/repos/cli/cli/releases/assets/464728543"
provenance = "github-attestations"

[tools.gh."platforms.linux-x64-musl"]
checksum = "sha256:83d5c2ccad5498f58bf6368acb1ab32588cf43ab3a4b1c301bf36328b1c8bd60"
url = "https://github.com/cli/cli/releases/download/v2.96.0/gh_2.96.0_linux_amd64.tar.gz"
url_api = "https://api.github.com/repos/cli/cli/releases/assets/464728543"
provenance = "github-attestations"

[tools.gh."platforms.linux-x64-musl-baseline"]
checksum = "sha256:83d5c2ccad5498f58bf6368acb1ab32588cf43ab3a4b1c301bf36328b1c8bd60"
url = "https://github.com/cli/cli/releases/download/v2.96.0/gh_2.96.0_linux_amd64.tar.gz"
url_api = "https://api.github.com/repos/cli/cli/releases/assets/464728543"
provenance = "github-attestations"

[tools.gh."platforms.macos-arm64"]
checksum = "sha256:f23a0c37d963aacc3bed703ccbd59b41c5ca22101fab7f00eb2b7cad23aba463"
url = "https://github.com/cli/cli/releases/download/v2.96.0/gh_2.96.0_macOS_arm64.zip"
url_api = "https://api.github.com/repos/cli/cli/releases/assets/464728562"
provenance = "github-attestations"

[tools.gh."platforms.macos-x64"]
checksum = "sha256:4bd449df9ad639391bc62b8032546f0fe9edcd8526e06682a4f88abd8c5d163c"
url = "https://github.com/cli/cli/releases/download/v2.96.0/gh_2.96.0_macOS_amd64.zip"
url_api = "https://api.github.com/repos/cli/cli/releases/assets/464728560"
provenance = "github-attestations"

[tools.gh."platforms.macos-x64-baseline"]
checksum = "sha256:4bd449df9ad639391bc62b8032546f0fe9edcd8526e06682a4f88abd8c5d163c"
url = "https://github.com/cli/cli/releases/download/v2.96.0/gh_2.96.0_macOS_amd64.zip"
url_api = "https://api.github.com/repos/cli/cli/releases/assets/464728560"
provenance = "github-attestations"

[tools.gh."platforms.windows-x64"]
checksum = "sha256:c2d6acc935cd2f00e2144d7e036d5cd82e6b6bd5594e8c75aa75ef2a4ed6aac3"
url = "https://github.com/cli/cli/releases/download/v2.96.0/gh_2.96.0_windows_amd64.zip"
url_api = "https://api.github.com/repos/cli/cli/releases/assets/464728577"
provenance = "github-attestations"

[tools.gh."platforms.windows-x64-baseline"]
checksum = "sha256:c2d6acc935cd2f00e2144d7e036d5cd82e6b6bd5594e8c75aa75ef2a4ed6aac3"
url = "https://github.com/cli/cli/releases/download/v2.96.0/gh_2.96.0_windows_amd64.zip"
url_api = "https://api.github.com/repos/cli/cli/releases/assets/464728577"
provenance = "github-attestations"

[[tools.ghalint]]
version = "1.5.6"
backend = "aqua:suzuki-shunsuke/ghalint"

[tools.ghalint."platforms.linux-arm64"]
checksum = "sha256:203a22c70b40bb161626973ad2a8dd06aeb736699fc8e03dd425dee8ff3406e6"
url = "https://github.com/suzuki-shunsuke/ghalint/releases/download/v1.5.6/ghalint_1.5.6_linux_arm64.tar.gz"
url_api = "https://api.github.com/repos/suzuki-shunsuke/ghalint/releases/assets/409631231"

[tools.ghalint."platforms.linux-arm64".provenance.slsa]
url = "https://github.com/suzuki-shunsuke/ghalint/releases/download/v1.5.6/multiple.intoto.jsonl"

[tools.ghalint."platforms.linux-arm64-musl"]
checksum = "sha256:203a22c70b40bb161626973ad2a8dd06aeb736699fc8e03dd425dee8ff3406e6"
url = "https://github.com/suzuki-shunsuke/ghalint/releases/download/v1.5.6/ghalint_1.5.6_linux_arm64.tar.gz"
url_api = "https://api.github.com/repos/suzuki-shunsuke/ghalint/releases/assets/409631231"

[tools.ghalint."platforms.linux-arm64-musl".provenance.slsa]
url = "https://github.com/suzuki-shunsuke/ghalint/releases/download/v1.5.6/multiple.intoto.jsonl"

[tools.ghalint."platforms.linux-x64"]
checksum = "sha256:98ee0e3330de7286f470d1e89c03ff7ce70d7a5998ba0f15969c400447be579c"
url = "https://github.com/suzuki-shunsuke/ghalint/releases/download/v1.5.6/ghalint_1.5.6_linux_amd64.tar.gz"
url_api = "https://api.github.com/repos/suzuki-shunsuke/ghalint/releases/assets/409631220"

[tools.ghalint."platforms.linux-x64".provenance.slsa]
url = "https://github.com/suzuki-shunsuke/ghalint/releases/download/v1.5.6/multiple.intoto.jsonl"

[tools.ghalint."platforms.linux-x64-baseline"]
checksum = "sha256:98ee0e3330de7286f470d1e89c03ff7ce70d7a5998ba0f15969c400447be579c"
url = "https://github.com/suzuki-shunsuke/ghalint/releases/download/v1.5.6/ghalint_1.5.6_linux_amd64.tar.gz"
url_api = "https://api.github.com/repos/suzuki-shunsuke/ghalint/releases/assets/409631220"

[tools.ghalint."platforms.linux-x64-baseline".provenance.slsa]
url = "https://github.com/suzuki-shunsuke/ghalint/releases/download/v1.5.6/multiple.intoto.jsonl"

[tools.ghalint."platforms.linux-x64-musl"]
checksum = "sha256:98ee0e3330de7286f470d1e89c03ff7ce70d7a5998ba0f15969c400447be579c"
url = "https://github.com/suzuki-shunsuke/ghalint/releases/download/v1.5.6/ghalint_1.5.6_linux_amd64.tar.gz"
url_api = "https://api.github.com/repos/suzuki-shunsuke/ghalint/releases/assets/409631220"

[tools.ghalint."platforms.linux-x64-musl".provenance.slsa]
url = "https://github.com/suzuki-shunsuke/ghalint/releases/download/v1.5.6/multiple.intoto.jsonl"

[tools.ghalint."platforms.linux-x64-musl-baseline"]
checksum = "sha256:98ee0e3330de7286f470d1e89c03ff7ce70d7a5998ba0f15969c400447be579c"
url = "https://github.com/suzuki-shunsuke/ghalint/releases/download/v1.5.6/ghalint_1.5.6_linux_amd64.tar.gz"
url_api = "https://api.github.com/repos/suzuki-shunsuke/ghalint/releases/assets/409631220"

[tools.ghalint."platforms.linux-x64-musl-baseline".provenance.slsa]
url = "https://github.com/suzuki-shunsuke/ghalint/releases/download/v1.5.6/multiple.intoto.jsonl"

[tools.ghalint."platforms.macos-arm64"]
checksum = "sha256:1262cac411e27b4653e6b66b7b06580ebcc2026fdd903e12e6cb0e4591639de6"
url = "https://github.com/suzuki-shunsuke/ghalint/releases/download/v1.5.6/ghalint_1.5.6_darwin_arm64.tar.gz"
url_api = "https://api.github.com/repos/suzuki-shunsuke/ghalint/releases/assets/409631219"

[tools.ghalint."platforms.macos-arm64".provenance.slsa]
url = "https://github.com/suzuki-shunsuke/ghalint/releases/download/v1.5.6/multiple.intoto.jsonl"

[tools.ghalint."platforms.macos-x64"]
checksum = "sha256:d2a0e8605333068065dcf4c9b7b7a24891eda1750ac01fb755dfba426a390883"
url = "https://github.com/suzuki-shunsuke/ghalint/releases/download/v1.5.6/ghalint_1.5.6_darwin_amd64.tar.gz"
url_api = "https://api.github.com/repos/suzuki-shunsuke/ghalint/releases/assets/409631204"

[tools.ghalint."platforms.macos-x64".provenance.slsa]
url = "https://github.com/suzuki-shunsuke/ghalint/releases/download/v1.5.6/multiple.intoto.jsonl"

[tools.ghalint."platforms.macos-x64-baseline"]
checksum = "sha256:d2a0e8605333068065dcf4c9b7b7a24891eda1750ac01fb755dfba426a390883"
url = "https://github.com/suzuki-shunsuke/ghalint/releases/download/v1.5.6/ghalint_1.5.6_darwin_amd64.tar.gz"
url_api = "https://api.github.com/repos/suzuki-shunsuke/ghalint/releases/assets/409631204"

[tools.ghalint."platforms.macos-x64-baseline".provenance.slsa]
url = "https://github.com/suzuki-shunsuke/ghalint/releases/download/v1.5.6/multiple.intoto.jsonl"

[tools.ghalint."platforms.windows-x64"]
checksum = "sha256:109ea9b39c8e263cef924bd3b4fe5505964204f934ca60d986f4090d01a99ba5"
url = "https://github.com/suzuki-shunsuke/ghalint/releases/download/v1.5.6/ghalint_1.5.6_windows_amd64.zip"
url_api = "https://api.github.com/repos/suzuki-shunsuke/ghalint/releases/assets/409631234"

[tools.ghalint."platforms.windows-x64".provenance.slsa]
url = "https://github.com/suzuki-shunsuke/ghalint/releases/download/v1.5.6/multiple.intoto.jsonl"

[tools.ghalint."platforms.windows-x64-baseline"]
checksum = "sha256:109ea9b39c8e263cef924bd3b4fe5505964204f934ca60d986f4090d01a99ba5"
url = "https://github.com/suzuki-shunsuke/ghalint/releases/download/v1.5.6/ghalint_1.5.6_windows_amd64.zip"
url_api = "https://api.github.com/repos/suzuki-shunsuke/ghalint/releases/assets/409631234"

[tools.ghalint."platforms.windows-x64-baseline".provenance.slsa]
url = "https://github.com/suzuki-shunsuke/ghalint/releases/download/v1.5.6/multiple.intoto.jsonl"

[[tools.pinact]]
version = "4.1.0"
backend = "aqua:suzuki-shunsuke/pinact"

[tools.pinact."platforms.linux-arm64"]
checksum = "sha256:2807669cd423a3572bc12ea4a5eab80cd2f30d5644710e0c97a08a075fdadf10"
url = "https://github.com/suzuki-shunsuke/pinact/releases/download/v4.1.0/pinact_linux_arm64.tar.gz"
url_api = "https://api.github.com/repos/suzuki-shunsuke/pinact/releases/assets/442249970"
provenance = "github-attestations"

[tools.pinact."platforms.linux-arm64-musl"]
checksum = "sha256:2807669cd423a3572bc12ea4a5eab80cd2f30d5644710e0c97a08a075fdadf10"
url = "https://github.com/suzuki-shunsuke/pinact/releases/download/v4.1.0/pinact_linux_arm64.tar.gz"
url_api = "https://api.github.com/repos/suzuki-shunsuke/pinact/releases/assets/442249970"
provenance = "github-attestations"

[tools.pinact."platforms.linux-x64"]
checksum = "sha256:8fcbf1b3e95551c82fd995535e3c1defa70e23299ce36eb3afd6c98778de6ca0"
url = "https://github.com/suzuki-shunsuke/pinact/releases/download/v4.1.0/pinact_linux_amd64.tar.gz"
url_api = "https://api.github.com/repos/suzuki-shunsuke/pinact/releases/assets/442249966"
provenance = "github-attestations"

[tools.pinact."platforms.linux-x64-baseline"]
checksum = "sha256:8fcbf1b3e95551c82fd995535e3c1defa70e23299ce36eb3afd6c98778de6ca0"
url = "https://github.com/suzuki-shunsuke/pinact/releases/download/v4.1.0/pinact_linux_amd64.tar.gz"
url_api = "https://api.github.com/repos/suzuki-shunsuke/pinact/releases/assets/442249966"
provenance = "github-attestations"

[tools.pinact."platforms.linux-x64-musl"]
checksum = "sha256:8fcbf1b3e95551c82fd995535e3c1defa70e23299ce36eb3afd6c98778de6ca0"
url = "https://github.com/suzuki-shunsuke/pinact/releases/download/v4.1.0/pinact_linux_amd64.tar.gz"
url_api = "https://api.github.com/repos/suzuki-shunsuke/pinact/releases/assets/442249966"
provenance = "github-attestations"

[tools.pinact."platforms.linux-x64-musl-baseline"]
checksum = "sha256:8fcbf1b3e95551c82fd995535e3c1defa70e23299ce36eb3afd6c98778de6ca0"
url = "https://github.com/suzuki-shunsuke/pinact/releases/download/v4.1.0/pinact_linux_amd64.tar.gz"
url_api = "https://api.github.com/repos/suzuki-shunsuke/pinact/releases/assets/442249966"
provenance = "github-attestations"

[tools.pinact."platforms.macos-arm64"]
checksum = "sha256:b670063ccfa178cdb5c7107d14e3de896f10b93edcc7dbe38b840cb99f2536db"
url = "https://github.com/suzuki-shunsuke/pinact/releases/download/v4.1.0/pinact_darwin_arm64.tar.gz"
url_api = "https://api.github.com/repos/suzuki-shunsuke/pinact/releases/assets/442249963"
provenance = "github-attestations"

[tools.pinact."platforms.macos-x64"]
checksum = "sha256:6338d0220a28093c2c6916a047eea8a17f4ba03a8562010dc8e942b2a2884364"
url = "https://github.com/suzuki-shunsuke/pinact/releases/download/v4.1.0/pinact_darwin_amd64.tar.gz"
url_api = "https://api.github.com/repos/suzuki-shunsuke/pinact/releases/assets/442249961"
provenance = "github-attestations"

[tools.pinact."platforms.macos-x64-baseline"]
checksum = "sha256:6338d0220a28093c2c6916a047eea8a17f4ba03a8562010dc8e942b2a2884364"
url = "https://github.com/suzuki-shunsuke/pinact/releases/download/v4.1.0/pinact_darwin_amd64.tar.gz"
url_api = "https://api.github.com/repos/suzuki-shunsuke/pinact/releases/assets/442249961"
provenance = "github-attestations"

[tools.pinact."platforms.windows-x64"]
checksum = "sha256:de04e9612a50cb7b0263d162400305ea02fc85410c38887d1be7446a7c5d5dc6"
url = "https://github.com/suzuki-shunsuke/pinact/releases/download/v4.1.0/pinact_windows_amd64.zip"
url_api = "https://api.github.com/repos/suzuki-shunsuke/pinact/releases/assets/442249974"
provenance = "github-attestations"

[tools.pinact."platforms.windows-x64-baseline"]
checksum = "sha256:de04e9612a50cb7b0263d162400305ea02fc85410c38887d1be7446a7c5d5dc6"
url = "https://github.com/suzuki-shunsuke/pinact/releases/download/v4.1.0/pinact_windows_amd64.zip"
url_api = "https://api.github.com/repos/suzuki-shunsuke/pinact/releases/assets/442249974"
provenance = "github-attestations"

[[tools.prek]]
version = "0.4.9"
backend = "aqua:j178/prek"

[tools.prek."platforms.linux-arm64"]
checksum = "sha256:adcd6d3b2c6d2314525c214ead1a3584de3ea3dfd608262d60711c3dde4d5e82"
url = "https://github.com/j178/prek/releases/download/v0.4.9/prek-aarch64-unknown-linux-musl.tar.gz"
url_api = "https://api.github.com/repos/j178/prek/releases/assets/473433142"
provenance = "github-attestations"

[tools.prek."platforms.linux-arm64-musl"]
checksum = "sha256:adcd6d3b2c6d2314525c214ead1a3584de3ea3dfd608262d60711c3dde4d5e82"
url = "https://github.com/j178/prek/releases/download/v0.4.9/prek-aarch64-unknown-linux-musl.tar.gz"
url_api = "https://api.github.com/repos/j178/prek/releases/assets/473433142"
provenance = "github-attestations"

[tools.prek."platforms.linux-x64"]
checksum = "sha256:22545eee5091ce233192bc97c6edb7f045081ec615e4649633d5ffad97937658"
url = "https://github.com/j178/prek/releases/download/v0.4.9/prek-x86_64-unknown-linux-musl.tar.gz"
url_api = "https://api.github.com/repos/j178/prek/releases/assets/473433205"
provenance = "github-attestations"

[tools.prek."platforms.linux-x64-baseline"]
checksum = "sha256:22545eee5091ce233192bc97c6edb7f045081ec615e4649633d5ffad97937658"
url = "https://github.com/j178/prek/releases/download/v0.4.9/prek-x86_64-unknown-linux-musl.tar.gz"
url_api = "https://api.github.com/repos/j178/prek/releases/assets/473433205"
provenance = "github-attestations"

[tools.prek."platforms.linux-x64-musl"]
checksum = "sha256:22545eee5091ce233192bc97c6edb7f045081ec615e4649633d5ffad97937658"
url = "https://github.com/j178/prek/releases/download/v0.4.9/prek-x86_64-unknown-linux-musl.tar.gz"
url_api = "https://api.github.com/repos/j178/prek/releases/assets/473433205"
provenance = "github-attestations"

[tools.prek."platforms.linux-x64-musl-baseline"]
checksum = "sha256:22545eee5091ce233192bc97c6edb7f045081ec615e4649633d5ffad97937658"
url = "https://github.com/j178/prek/releases/download/v0.4.9/prek-x86_64-unknown-linux-musl.tar.gz"
url_api = "https://api.github.com/repos/j178/prek/releases/assets/473433205"
provenance = "github-attestations"

[tools.prek."platforms.macos-arm64"]
checksum = "sha256:d6d705468c95ac01a9768da952645385a8e3cb93ec9a105f9f0f7bd177ae3867"
url = "https://github.com/j178/prek/releases/download/v0.4.9/prek-aarch64-apple-darwin.tar.gz"
url_api = "https://api.github.com/repos/j178/prek/releases/assets/473433139"
provenance = "github-attestations"

[tools.prek."platforms.macos-x64"]
checksum = "sha256:86ce383f8d40ae874e432fe6db04c2253cf2bed2cd74e67c8e3bc4b16e158471"
url = "https://github.com/j178/prek/releases/download/v0.4.9/prek-x86_64-apple-darwin.tar.gz"
url_api = "https://api.github.com/repos/j178/prek/releases/assets/473433192"
provenance = "github-attestations"

[tools.prek."platforms.macos-x64-baseline"]
checksum = "sha256:86ce383f8d40ae874e432fe6db04c2253cf2bed2cd74e67c8e3bc4b16e158471"
url = "https://github.com/j178/prek/releases/download/v0.4.9/prek-x86_64-apple-darwin.tar.gz"
url_api = "https://api.github.com/repos/j178/prek/releases/assets/473433192"
provenance = "github-attestations"

[tools.prek."platforms.windows-x64"]
checksum = "sha256:e49a7c8fedb4f16038556e19c8bf7a68ffae46445ef693b28c1fa461f03df2c7"
url = "https://github.com/j178/prek/releases/download/v0.4.9/prek-x86_64-pc-windows-msvc.zip"
url_api = "https://api.github.com/repos/j178/prek/releases/assets/473433196"
provenance = "github-attestations"

[tools.prek."platforms.windows-x64-baseline"]
checksum = "sha256:e49a7c8fedb4f16038556e19c8bf7a68ffae46445ef693b28c1fa461f03df2c7"
url = "https://github.com/j178/prek/releases/download/v0.4.9/prek-x86_64-pc-windows-msvc.zip"
url_api = "https://api.github.com/repos/j178/prek/releases/assets/473433196"
provenance = "github-attestations"

[[tools.slsa-verifier]]
version = "2.7.1"
backend = "aqua:slsa-framework/slsa-verifier"

[tools.slsa-verifier."platforms.linux-arm64"]
checksum = "sha256:5d3b2349ede7bfec19e7a21569f18b9f7410145ad12e9584b175370669e14061"
url = "https://github.com/slsa-framework/slsa-verifier/releases/download/v2.7.1/slsa-verifier-linux-arm64"
url_api = "https://api.github.com/repos/slsa-framework/slsa-verifier/releases/assets/267893626"

[tools.slsa-verifier."platforms.linux-arm64".provenance.slsa]
url = "https://github.com/slsa-framework/slsa-verifier/releases/download/v2.7.1/slsa-verifier-linux-arm64.intoto.jsonl"

[tools.slsa-verifier."platforms.linux-arm64-musl"]
checksum = "sha256:5d3b2349ede7bfec19e7a21569f18b9f7410145ad12e9584b175370669e14061"
url = "https://github.com/slsa-framework/slsa-verifier/releases/download/v2.7.1/slsa-verifier-linux-arm64"
url_api = "https://api.github.com/repos/slsa-framework/slsa-verifier/releases/assets/267893626"

[tools.slsa-verifier."platforms.linux-arm64-musl".provenance.slsa]
url = "https://github.com/slsa-framework/slsa-verifier/releases/download/v2.7.1/slsa-verifier-linux-arm64.intoto.jsonl"

[tools.slsa-verifier."platforms.linux-x64"]
checksum = "sha256:946dbec729094195e88ef78e1734324a27869f03e2c6bd2f61cbc06bd5350339"
url = "https://github.com/slsa-framework/slsa-verifier/releases/download/v2.7.1/slsa-verifier-linux-amd64"
url_api = "https://api.github.com/repos/slsa-framework/slsa-verifier/releases/assets/267893649"

[tools.slsa-verifier."platforms.linux-x64".provenance.slsa]
url = "https://github.com/slsa-framework/slsa-verifier/releases/download/v2.7.1/slsa-verifier-linux-amd64.intoto.jsonl"

[tools.slsa-verifier."platforms.linux-x64-baseline"]
checksum = "sha256:946dbec729094195e88ef78e1734324a27869f03e2c6bd2f61cbc06bd5350339"
url = "https://github.com/slsa-framework/slsa-verifier/releases/download/v2.7.1/slsa-verifier-linux-amd64"
url_api = "https://api.github.com/repos/slsa-framework/slsa-verifier/releases/assets/267893649"

[tools.slsa-verifier."platforms.linux-x64-baseline".provenance.slsa]
url = "https://github.com/slsa-framework/slsa-verifier/releases/download/v2.7.1/slsa-verifier-linux-amd64.intoto.jsonl"

[tools.slsa-verifier."platforms.linux-x64-musl"]
checksum = "sha256:946dbec729094195e88ef78e1734324a27869f03e2c6bd2f61cbc06bd5350339"
url = "https://github.com/slsa-framework/slsa-verifier/releases/download/v2.7.1/slsa-verifier-linux-amd64"
url_api = "https://api.github.com/repos/slsa-framework/slsa-verifier/releases/assets/267893649"

[tools.slsa-verifier."platforms.linux-x64-musl".provenance.slsa]
url = "https://github.com/slsa-framework/slsa-verifier/releases/download/v2.7.1/slsa-verifier-linux-amd64.intoto.jsonl"

[tools.slsa-verifier."platforms.linux-x64-musl-baseline"]
checksum = "sha256:946dbec729094195e88ef78e1734324a27869f03e2c6bd2f61cbc06bd5350339"
url = "https://github.com/slsa-framework/slsa-verifier/releases/download/v2.7.1/slsa-verifier-linux-amd64"
url_api = "https://api.github.com/repos/slsa-framework/slsa-verifier/releases/assets/267893649"

[tools.slsa-verifier."platforms.linux-x64-musl-baseline".provenance.slsa]
url = "https://github.com/slsa-framework/slsa-verifier/releases/download/v2.7.1/slsa-verifier-linux-amd64.intoto.jsonl"

[tools.slsa-verifier."platforms.macos-arm64"]
checksum = "sha256:39abfcf5f1d690c3e889ce3d2d6a8b87711424d83368511868d414e8f8bcb05c"
url = "https://github.com/slsa-framework/slsa-verifier/releases/download/v2.7.1/slsa-verifier-darwin-arm64"
url_api = "https://api.github.com/repos/slsa-framework/slsa-verifier/releases/assets/267893639"

[tools.slsa-verifier."platforms.macos-arm64".provenance.slsa]
url = "https://github.com/slsa-framework/slsa-verifier/releases/download/v2.7.1/slsa-verifier-darwin-arm64.intoto.jsonl"

[tools.slsa-verifier."platforms.macos-x64"]
checksum = "sha256:4baf25415727821f847a38bccedc86c3e5b17cbfc2eb534cd554feb6c856d6f1"
url = "https://github.com/slsa-framework/slsa-verifier/releases/download/v2.7.1/slsa-verifier-darwin-amd64"
url_api = "https://api.github.com/repos/slsa-framework/slsa-verifier/releases/assets/267893631"

[tools.slsa-verifier."platforms.macos-x64".provenance.slsa]
url = "https://github.com/slsa-framework/slsa-verifier/releases/download/v2.7.1/slsa-verifier-darwin-amd64.intoto.jsonl"

[tools.slsa-verifier."platforms.macos-x64-baseline"]
checksum = "sha256:4baf25415727821f847a38bccedc86c3e5b17cbfc2eb534cd554feb6c856d6f1"
url = "https://github.com/slsa-framework/slsa-verifier/releases/download/v2.7.1/slsa-verifier-darwin-amd64"
url_api = "https://api.github.com/repos/slsa-framework/slsa-verifier/releases/assets/267893631"

[tools.slsa-verifier."platforms.macos-x64-baseline".provenance.slsa]
url = "https://github.com/slsa-framework/slsa-verifier/releases/download/v2.7.1/slsa-verifier-darwin-amd64.intoto.jsonl"

[tools.slsa-verifier."platforms.windows-x64"]
checksum = "sha256:1d8f61ad747ecc3d375d2a563cebf2991748b7da1a9bda9a500804c3c499e3c0"
url = "https://github.com/slsa-framework/slsa-verifier/releases/download/v2.7.1/slsa-verifier-windows-amd64.exe"
url_api = "https://api.github.com/repos/slsa-framework/slsa-verifier/releases/assets/267893644"

[tools.slsa-verifier."platforms.windows-x64".provenance.slsa]
url = "https://github.com/slsa-framework/slsa-verifier/releases/download/v2.7.1/slsa-verifier-windows-amd64.exe.intoto.jsonl"

[tools.slsa-verifier."platforms.windows-x64-baseline"]
checksum = "sha256:1d8f61ad747ecc3d375d2a563cebf2991748b7da1a9bda9a500804c3c499e3c0"
url = "https://github.com/slsa-framework/slsa-verifier/releases/download/v2.7.1/slsa-verifier-windows-amd64.exe"
url_api = "https://api.github.com/repos/slsa-framework/slsa-verifier/releases/assets/267893644"

[tools.slsa-verifier."platforms.windows-x64-baseline".provenance.slsa]
url = "https://github.com/slsa-framework/slsa-verifier/releases/download/v2.7.1/slsa-verifier-windows-amd64.exe.intoto.jsonl"

[[tools.sops]]
version = "3.13.2"
backend = "aqua:getsops/sops"

[tools.sops."platforms.linux-arm64"]
checksum = "sha256:78abf2e15c86250a1553ae6f53aba96be6b2a8126f160b1534959add3467ad76"
url = "https://github.com/getsops/sops/releases/download/v3.13.2/sops-v3.13.2.linux.arm64"
url_api = "https://api.github.com/repos/getsops/sops/releases/assets/461838764"

[tools.sops."platforms.linux-arm64".provenance.slsa]
url = "https://github.com/getsops/sops/releases/download/v3.13.2/sops-v3.13.2.intoto.jsonl"

[tools.sops."platforms.linux-arm64-musl"]
checksum = "sha256:78abf2e15c86250a1553ae6f53aba96be6b2a8126f160b1534959add3467ad76"
url = "https://github.com/getsops/sops/releases/download/v3.13.2/sops-v3.13.2.linux.arm64"
url_api = "https://api.github.com/repos/getsops/sops/releases/assets/461838764"

[tools.sops."platforms.linux-arm64-musl".provenance.slsa]
url = "https://github.com/getsops/sops/releases/download/v3.13.2/sops-v3.13.2.intoto.jsonl"

[tools.sops."platforms.linux-x64"]
checksum = "sha256:154dfe4cd70554bdd82b98e4cd4acf191d43d01ead6f00a73477aa44c4ac42ef"
url = "https://github.com/getsops/sops/releases/download/v3.13.2/sops-v3.13.2.linux.amd64"
url_api = "https://api.github.com/repos/getsops/sops/releases/assets/461838689"

[tools.sops."platforms.linux-x64".provenance.slsa]
url = "https://github.com/getsops/sops/releases/download/v3.13.2/sops-v3.13.2.intoto.jsonl"

[tools.sops."platforms.linux-x64-baseline"]
checksum = "sha256:154dfe4cd70554bdd82b98e4cd4acf191d43d01ead6f00a73477aa44c4ac42ef"
url = "https://github.com/getsops/sops/releases/download/v3.13.2/sops-v3.13.2.linux.amd64"
url_api = "https://api.github.com/repos/getsops/sops/releases/assets/461838689"

[tools.sops."platforms.linux-x64-baseline".provenance.slsa]
url = "https://github.com/getsops/sops/releases/download/v3.13.2/sops-v3.13.2.intoto.jsonl"

[tools.sops."platforms.linux-x64-musl"]
checksum = "sha256:154dfe4cd70554bdd82b98e4cd4acf191d43d01ead6f00a73477aa44c4ac42ef"
url = "https://github.com/getsops/sops/releases/download/v3.13.2/sops-v3.13.2.linux.amd64"
url_api = "https://api.github.com/repos/getsops/sops/releases/assets/461838689"

[tools.sops."platforms.linux-x64-musl".provenance.slsa]
url = "https://github.com/getsops/sops/releases/download/v3.13.2/sops-v3.13.2.intoto.jsonl"

[tools.sops."platforms.linux-x64-musl-baseline"]
checksum = "sha256:154dfe4cd70554bdd82b98e4cd4acf191d43d01ead6f00a73477aa44c4ac42ef"
url = "https://github.com/getsops/sops/releases/download/v3.13.2/sops-v3.13.2.linux.amd64"
url_api = "https://api.github.com/repos/getsops/sops/releases/assets/461838689"

[tools.sops."platforms.linux-x64-musl-baseline".provenance.slsa]
url = "https://github.com/getsops/sops/releases/download/v3.13.2/sops-v3.13.2.intoto.jsonl"

[tools.sops."platforms.macos-arm64"]
checksum = "sha256:412c475b52f167f1facd75d564422ffd1fa5302aaa7a404bdf4e30087e04b5a8"
url = "https://github.com/getsops/sops/releases/download/v3.13.2/sops-v3.13.2.darwin.arm64"
url_api = "https://api.github.com/repos/getsops/sops/releases/assets/461838691"

[tools.sops."platforms.macos-arm64".provenance.slsa]
url = "https://github.com/getsops/sops/releases/download/v3.13.2/sops-v3.13.2.intoto.jsonl"

[tools.sops."platforms.macos-x64"]
checksum = "sha256:5a66836229ff4a73779b19644b6db28fd574a6b995c15fc333469b2f93ee2acd"
url = "https://github.com/getsops/sops/releases/download/v3.13.2/sops-v3.13.2.darwin.amd64"
url_api = "https://api.github.com/repos/getsops/sops/releases/assets/461838762"

[tools.sops."platforms.macos-x64".provenance.slsa]
url = "https://github.com/getsops/sops/releases/download/v3.13.2/sops-v3.13.2.intoto.jsonl"

[tools.sops."platforms.macos-x64-baseline"]
checksum = "sha256:5a66836229ff4a73779b19644b6db28fd574a6b995c15fc333469b2f93ee2acd"
url = "https://github.com/getsops/sops/releases/download/v3.13.2/sops-v3.13.2.darwin.amd64"
url_api = "https://api.github.com/repos/getsops/sops/releases/assets/461838762"

[tools.sops."platforms.macos-x64-baseline".provenance.slsa]
url = "https://github.com/getsops/sops/releases/download/v3.13.2/sops-v3.13.2.intoto.jsonl"

[tools.sops."platforms.windows-x64"]
checksum = "sha256:cb6fec76e23cb4ac56771ac38472b0fe1ba79a849bf2200aeda7c9467a045b7b"
url = "https://github.com/getsops/sops/releases/download/v3.13.2/sops-v3.13.2.amd64.exe"
url_api = "https://api.github.com/repos/getsops/sops/releases/assets/461838690"

[tools.sops."platforms.windows-x64".provenance.slsa]
url = "https://github.com/getsops/sops/releases/download/v3.13.2/sops-v3.13.2.intoto.jsonl"

[tools.sops."platforms.windows-x64-baseline"]
checksum = "sha256:cb6fec76e23cb4ac56771ac38472b0fe1ba79a849bf2200aeda7c9467a045b7b"
url = "https://github.com/getsops/sops/releases/download/v3.13.2/sops-v3.13.2.amd64.exe"
url_api = "https://api.github.com/repos/getsops/sops/releases/assets/461838690"

[tools.sops."platforms.windows-x64-baseline".provenance.slsa]
url = "https://github.com/getsops/sops/releases/download/v3.13.2/sops-v3.13.2.intoto.jsonl"

[[tools.zizmor]]
version = "1.27.0"
backend = "aqua:zizmorcore/zizmor"

[tools.zizmor."platforms.linux-arm64"]
checksum = "sha256:46fceee9a8262dca0e61f8463204e1f0f3a63bf6c20fa3ef9a5c1b3cff7b17b0"
url = "https://github.com/zizmorcore/zizmor/releases/download/v1.27.0/zizmor-aarch64-unknown-linux-gnu.tar.gz"
url_api = "https://api.github.com/repos/zizmorcore/zizmor/releases/assets/476453094"
provenance = "github-attestations"

[tools.zizmor."platforms.linux-arm64-musl"]
provenance = "github-attestations"

[tools.zizmor."platforms.linux-x64"]
checksum = "sha256:277f2bd8fd37cf60c42ab7afca6faa884e65440fa31e02b44bdaae60f62a358f"
url = "https://github.com/zizmorcore/zizmor/releases/download/v1.27.0/zizmor-x86_64-unknown-linux-gnu.tar.gz"
url_api = "https://api.github.com/repos/zizmorcore/zizmor/releases/assets/476453097"
provenance = "github-attestations"

[tools.zizmor."platforms.linux-x64-baseline"]
checksum = "sha256:277f2bd8fd37cf60c42ab7afca6faa884e65440fa31e02b44bdaae60f62a358f"
url = "https://github.com/zizmorcore/zizmor/releases/download/v1.27.0/zizmor-x86_64-unknown-linux-gnu.tar.gz"
url_api = "https://api.github.com/repos/zizmorcore/zizmor/releases/assets/476453097"
provenance = "github-attestations"

[tools.zizmor."platforms.linux-x64-musl"]
provenance = "github-attestations"

[tools.zizmor."platforms.linux-x64-musl-baseline"]
provenance = "github-attestations"

[tools.zizmor."platforms.macos-arm64"]
checksum = "sha256:81336423d1b280c5dd0cdd8644a1e5f3238ab3ceb8d6e4334dfd05dab95a8a86"
url = "https://github.com/zizmorcore/zizmor/releases/download/v1.27.0/zizmor-aarch64-apple-darwin.tar.gz"
url_api = "https://api.github.com/repos/zizmorcore/zizmor/releases/assets/476453095"
provenance = "github-attestations"

[tools.zizmor."platforms.macos-x64"]
checksum = "sha256:51cd82d1f6914cbb7f4402dbdc19bd989a7599078e5ddeaf837d1ab901c97328"
url = "https://github.com/zizmorcore/zizmor/releases/download/v1.27.0/zizmor-x86_64-apple-darwin.tar.gz"
url_api = "https://api.github.com/repos/zizmorcore/zizmor/releases/assets/476453098"
provenance = "github-attestations"

[tools.zizmor."platforms.macos-x64-baseline"]
checksum = "sha256:51cd82d1f6914cbb7f4402dbdc19bd989a7599078e5ddeaf837d1ab901c97328"
url = "https://github.com/zizmorcore/zizmor/releases/download/v1.27.0/zizmor-x86_64-apple-darwin.tar.gz"
url_api = "https://api.github.com/repos/zizmorcore/zizmor/releases/assets/476453098"
provenance = "github-attestations"

[tools.zizmor."platforms.windows-x64"]
checksum = "sha256:a8c5d02d638bacf9ae5779b08b0291455c67e7e835be56995f35483518dcd70a"
url = "https://github.com/zizmorcore/zizmor/releases/download/v1.27.0/zizmor-x86_64-pc-windows-msvc.zip"
url_api = "https://api.github.com/repos/zizmorcore/zizmor/releases/assets/476453096"
provenance = "github-attestations"

[tools.zizmor."platforms.windows-x64-baseline"]
checksum = "sha256:a8c5d02d638bacf9ae5779b08b0291455c67e7e835be56995f35483518dcd70a"
url = "https://github.com/zizmorcore/zizmor/releases/download/v1.27.0/zizmor-x86_64-pc-windows-msvc.zip"
url_api = "https://api.github.com/repos/zizmorcore/zizmor/releases/assets/476453096"
provenance = "github-attestations"
